{
  "nodes": {
    "nixpkgs": {
      "locked": {
        "lastModified": 1679900446,
        "narHash": "sha256-RWtJbUqeSLKn8FLSt0b6pLSC4fWrPdv4WHTDOaO/0hU=",
        "owner": "NixOS",
        "repo": "nixpkgs",
        "rev": "56206539ba1de71fb0be7e4f23551e05fdeb29de",
        "type": "github"
      },
      "original": {
        "owner": "NixOS",
        "ref": "master",
        "repo": "nixpkgs",
        "type": "github"
      }
    },
    "root": {
      "inputs": {
        "nixpkgs": "nixpkgs"
      }
    }
  },
  "root": "root",
  "version": 7
}
